Microsoft Visual Studio Solution File, Format Version 12.00
# Visual Studio Version 17
VisualStudioVersion = 17.6.33815.320
MinimumVisualStudioVersion = 16.0.0.0
Project("{9A19103F-16F7-4668-BE54-9A1E7A4F7556}") = "HorrorTutorial.Windows", "HorrorTutorial.Windows\HorrorTutorial.Windows.csproj", "{F4AB2B68-EA83-413F-AFDD-1A7C36A1E96A}"
EndProject
Project("{9A19103F-16F7-4668-BE54-9A1E7A4F7556}") = "HorrorTutorial", "HorrorTutorial\HorrorTutorial.csproj", "{63E92AC7-A093-47C4-AB5C-86BD752CE404}"
EndProject
Global
	GlobalSection(SolutionConfigurationPlatforms) = preSolution
		Debug|Any CPU = Debug|Any CPU
		Release|Any CPU = Release|Any CPU
	EndGlobalSection
	GlobalSection(ProjectConfigurationPlatforms) = postSolution
		{F4AB2B68-EA83-413F-AFDD-1A7C36A1E96A}.Debug|Any CPU.ActiveCfg = Debug|Any CPU
		{F4AB2B68-EA83-413F-AFDD-1A7C36A1E96A}.Debug|Any CPU.Build.0 = Debug|Any CPU
		{F4AB2B68-EA83-413F-AFDD-1A7C36A1E96A}.Release|Any CPU.ActiveCfg = Release|Any CPU
		{F4AB2B68-EA83-413F-AFDD-1A7C36A1E96A}.Release|Any CPU.Build.0 = Release|Any CPU
		{63E92AC7-A093-47C4-AB5C-86BD752CE404}.Debug|Any CPU.ActiveCfg = Debug|Any CPU
		{63E92AC7-A093-47C4-AB5C-86BD752CE404}.Debug|Any CPU.Build.0 = Debug|Any CPU
		{63E92AC7-A093-47C4-AB5C-86BD752CE404}.Release|Any CPU.ActiveCfg = Release|Any CPU
		{63E92AC7-A093-47C4-AB5C-86BD752CE404}.Release|Any CPU.Build.0 = Release|Any CPU
	EndGlobalSection
	GlobalSection(SolutionProperties) = preSolution
		HideSolutionNode = FALSE
	EndGlobalSection
EndGlobal
